// !$*UTF8*$!
{
	archiveVersion = 1;
	classes = {
	};
	objectVersion = 46;
	objects = {

/* Begin PBXBuildFile section */
		4256ACA5199CAE15001A8D07 /* a.plist in Resources */ = {isa = PBXBuildFile; fileRef = 4256ACA4199CAE15001A8D07 /* a.plist */; };
		4256ACA7199CAE32001A8D07 /* b.xml in Resources */ = {isa = PBXBuildFile; fileRef = 4256ACA6199CAE32001A8D07 /* b.xml */; };
		4256ACAC199CAE91001A8D07 /* XmlParseController.m in Sources */ = {isa = PBXBuildFile; fileRef = 4256ACAA199CAE91001A8D07 /* XmlParseController.m */; };
		4256ACAD199CAE91001A8D07 /* XmlParseController.xib in Resources */ = {isa = PBXBuildFile; fileRef = 4256ACAB199CAE91001A8D07 /* XmlParseController.xib */; };
		4266CD7F199CA87F0047CB96 /* Foundation.framework in Frameworks */ = {isa = PBXBuildFile; fileRef = 4266CD7E199CA87F0047CB96 /* Foundation.framework */; };
		4266CD81199CA87F0047CB96 /* CoreGraphics.framework in Frameworks */ = {isa = PBXBuildFile; fileRef = 4266CD80199CA87F0047CB96 /* CoreGraphics.framework */; };
		4266CD83199CA87F0047CB96 /* UIKit.framework in Frameworks */ = {isa = PBXBuildFile; fileRef = 4266CD82199CA87F0047CB96 /* UIKit.framework */; };
		4266CD89199CA87F0047CB96 /* InfoPlist.strings in Resources */ = {isa = PBXBuildFile; fileRef = 4266CD87199CA87F0047CB96 /* InfoPlist.strings */; };
		4266CD8B199CA87F0047CB96 /* main.m in Sources */ = {isa = PBXBuildFile; fileRef = 4266CD8A199CA87F0047CB96 /* main.m */; };
		4266CD8F199CA87F0047CB96 /* AppDelegate.m in Sources */ = {isa = PBXBuildFile; fileRef = 4266CD8E199CA87F0047CB96 /* AppDelegate.m */; };
		4266CD91199CA87F0047CB96 /* Images.xcassets in Resources */ = {isa = PBXBuildFile; fileRef = 4266CD90199CA87F0047CB96 /* Images.xcassets */; };
		4266CD98199CA87F0047CB96 /* XCTest.framework in Frameworks */ = {isa = PBXBuildFile; fileRef = 4266CD97199CA87F0047CB96 /* XCTest.framework */; };
		4266CD99199CA87F0047CB96 /* Foundation.framework in Frameworks */ = {isa = PBXBuildFile; fileRef = 4266CD7E199CA87F0047CB96 /* Foundation.framework */; };
		4266CD9A199CA87F0047CB96 /* UIKit.framework in Frameworks */ = {isa = PBXBuildFile; fileRef = 4266CD82199CA87F0047CB96 /* UIKit.framework */; };
		4266CDA2199CA87F0047CB96 /* InfoPlist.strings in Resources */ = {isa = PBXBuildFile; fileRef = 4266CDA0199CA87F0047CB96 /* InfoPlist.strings */; };
		4266CDA4199CA87F0047CB96 /* FSJPasswordTests.m in Sources */ = {isa = PBXBuildFile; fileRef = 4266CDA3199CA87F0047CB96 /* FSJPasswordTests.m */; };
		4266CDB1199CA8F80047CB96 /* MainViewController.m in Sources */ = {isa = PBXBuildFile; fileRef = 4266CDAF199CA8F80047CB96 /* MainViewController.m */; };
		4266CDB2199CA8F80047CB96 /* MainViewController.xib in Resources */ = {isa = PBXBuildFile; fileRef = 4266CDB0199CA8F80047CB96 /* MainViewController.xib */; };
		4266CDB5199CA9150047CB96 /* BaseViewController.m in Sources */ = {isa = PBXBuildFile; fileRef = 4266CDB4199CA9150047CB96 /* BaseViewController.m */; };
		4266CDCA199CA97E0047CB96 /* MJCircleLayer.m in Sources */ = {isa = PBXBuildFile; fileRef = 4266CDC5199CA97E0047CB96 /* MJCircleLayer.m */; settings = {COMPILER_FLAGS = "-fno-objc-arc"; }; };
		4266CDCB199CA97E0047CB96 /* MJPasswordView.m in Sources */ = {isa = PBXBuildFile; fileRef = 4266CDC7199CA97E0047CB96 /* MJPasswordView.m */; settings = {COMPILER_FLAGS = "-fno-objc-arc"; }; };
		4266CDCC199CA97E0047CB96 /* MJPathLayer.m in Sources */ = {isa = PBXBuildFile; fileRef = 4266CDC9199CA97E0047CB96 /* MJPathLayer.m */; settings = {COMPILER_FLAGS = "-fno-objc-arc"; }; };
		4297C242199CAA14004E3F64 /* MJPasswordPopView.m in Sources */ = {isa = PBXBuildFile; fileRef = 4297C241199CAA14004E3F64 /* MJPasswordPopView.m */; };
		4297C248199CAC93004E3F64 /* Stack.m in Sources */ = {isa = PBXBuildFile; fileRef = 4297C245199CAC93004E3F64 /* Stack.m */; settings = {COMPILER_FLAGS = "-fno-objc-arc"; }; };
		4297C249199CAC93004E3F64 /* XMLParser.m in Sources */ = {isa = PBXBuildFile; fileRef = 4297C247199CAC93004E3F64 /* XMLParser.m */; settings = {COMPILER_FLAGS = "-fno-objc-arc"; }; };
/* End PBXBuildFile section */

/* Begin PBXContainerItemProxy section */
		4266CD9B199CA87F0047CB96 /* PBXContainerItemProxy */ = {
			isa = PBXContainerItemProxy;
			containerPortal = 4266CD73199CA87F0047CB96 /* Project object */;
			proxyType = 1;
			remoteGlobalIDString = 4266CD7A199CA87F0047CB96;
			remoteInfo = FSJPassword;
		};
/* End PBXContainerItemProxy section */

/* Begin PBXFileReference section */
		4256ACA4199CAE15001A8D07 /* a.plist */ = {isa = PBXFileReference; fileEncoding = 4; lastKnownFileType = text.plist.xml; path = a.plist; sourceTree = "<group>"; };
		4256ACA6199CAE32001A8D07 /* b.xml */ = {isa = PBXFileReference; fileEncoding = 4; lastKnownFileType = text.xml; path = b.xml; sourceTree = "<group>"; };
		4256ACA9199CAE91001A8D07 /* XmlParseController.h */ = {isa = PBXFileReference; fileEncoding = 4; lastKnownFileType = sourcecode.c.h; path = XmlParseController.h; sourceTree = "<group>"; };
		4256ACAA199CAE91001A8D07 /* XmlParseController.m */ = {isa = PBXFileReference; fileEncoding = 4; lastKnownFileType = sourcecode.c.objc; path = XmlParseController.m; sourceTree = "<group>"; };
		4256ACAB199CAE91001A8D07 /* XmlParseController.xib */ = {isa = PBXFileReference; fileEncoding = 4; lastKnownFileType = file.xib; path = XmlParseController.xib; sourceTree = "<group>"; };
		4266CD7B199CA87F0047CB96 /* FSJPassword.app */ = {isa = PBXFileReference; explicitFileType = wrapper.application; includeInIndex = 0; path = FSJPassword.app; sourceTree = BUILT_PRODUCTS_DIR; };
		4266CD7E199CA87F0047CB96 /* Foundation.framework */ = {isa = PBXFileReference; lastKnownFileType = wrapper.framework; name = Foundation.framework; path = System/Library/Frameworks/Foundation.framework; sourceTree = SDKROOT; };
		4266CD80199CA87F0047CB96 /* CoreGraphics.framework */ = {isa = PBXFileReference; lastKnownFileType = wrapper.framework; name = CoreGraphics.framework; path = System/Library/Frameworks/CoreGraphics.framework; sourceTree = SDKROOT; };
		4266CD82199CA87F0047CB96 /* UIKit.framework */ = {isa = PBXFileReference; lastKnownFileType = wrapper.framework; name = UIKit.framework; path = System/Library/Frameworks/UIKit.framework; sourceTree = SDKROOT; };
		4266CD86199CA87F0047CB96 /* FSJPassword-Info.plist */ = {isa = PBXFileReference; lastKnownFileType = text.plist.xml; path = "FSJPassword-Info.plist"; sourceTree = "<group>"; };
		4266CD88199CA87F0047CB96 /* en */ = {isa = PBXFileReference; lastKnownFileType = text.plist.strings; name = en; path = en.lproj/InfoPlist.strings; sourceTree = "<group>"; };
		4266CD8A199CA87F0047CB96 /* main.m */ = {isa = PBXFileReference; lastKnownFileType = sourcecode.c.objc; path = main.m; sourceTree = "<group>"; };
		4266CD8C199CA87F0047CB96 /* FSJPassword-Prefix.pch */ = {isa = PBXFileReference; lastKnownFileType = sourcecode.c.h; path = "FSJPassword-Prefix.pch"; sourceTree = "<group>"; };
		4266CD8D199CA87F0047CB96 /* AppDelegate.h */ = {isa = PBXFileReference; lastKnownFileType = sourcecode.c.h; path = AppDelegate.h; sourceTree = "<group>"; };
		4266CD8E199CA87F0047CB96 /* AppDelegate.m */ = {isa = PBXFileReference; lastKnownFileType = sourcecode.c.objc; path = AppDelegate.m; sourceTree = "<group>"; };
		4266CD90199CA87F0047CB96 /* Images.xcassets */ = {isa = PBXFileReference; lastKnownFileType = folder.assetcatalog; path = Images.xcassets; sourceTree = "<group>"; };
		4266CD96199CA87F0047CB96 /* FSJPasswordTests.xctest */ = {isa = PBXFileReference; explicitFileType = wrapper.cfbundle; includeInIndex = 0; path = FSJPasswordTests.xctest; sourceTree = BUILT_PRODUCTS_DIR; };
		4266CD97199CA87F0047CB96 /* XCTest.framework */ = {isa = PBXFileReference; lastKnownFileType = wrapper.framework; name = XCTest.framework; path = Library/Frameworks/XCTest.framework; sourceTree = DEVELOPER_DIR; };
		4266CD9F199CA87F0047CB96 /* FSJPasswordTests-Info.plist */ = {isa = PBXFileReference; lastKnownFileType = text.plist.xml; path = "FSJPasswordTests-Info.plist"; sourceTree = "<group>"; };
		4266CDA1199CA87F0047CB96 /* en */ = {isa = PBXFileReference; lastKnownFileType = text.plist.strings; name = en; path = en.lproj/InfoPlist.strings; sourceTree = "<group>"; };
		4266CDA3199CA87F0047CB96 /* FSJPasswordTests.m */ = {isa = PBXFileReference; lastKnownFileType = sourcecode.c.objc; path = FSJPasswordTests.m; sourceTree = "<group>"; };
		4266CDAE199CA8F80047CB96 /* MainViewController.h */ = {isa = PBXFileReference; fileEncoding = 4; lastKnownFileType = sourcecode.c.h; path = MainViewController.h; sourceTree = "<group>"; };
		4266CDAF199CA8F80047CB96 /* MainViewController.m */ = {isa = PBXFileReference; fileEncoding = 4; lastKnownFileType = sourcecode.c.objc; path = MainViewController.m; sourceTree = "<group>"; };
		4266CDB0199CA8F80047CB96 /* MainViewController.xib */ = {isa = PBXFileReference; fileEncoding = 4; lastKnownFileType = file.xib; path = MainViewController.xib; sourceTree = "<group>"; };
		4266CDB3199CA9150047CB96 /* BaseViewController.h */ = {isa = PBXFileReference; fileEncoding = 4; lastKnownFileType = sourcecode.c.h; path = BaseViewController.h; sourceTree = "<group>"; };
		4266CDB4199CA9150047CB96 /* BaseViewController.m */ = {isa = PBXFileReference; fileEncoding = 4; lastKnownFileType = sourcecode.c.objc; path = BaseViewController.m; sourceTree = "<group>"; };
		4266CDC4199CA97E0047CB96 /* MJCircleLayer.h */ = {isa = PBXFileReference; fileEncoding = 4; lastKnownFileType = sourcecode.c.h; path = MJCircleLayer.h; sourceTree = "<group>"; };
		4266CDC5199CA97E0047CB96 /* MJCircleLayer.m */ = {isa = PBXFileReference; fileEncoding = 4; lastKnownFileType = sourcecode.c.objc; path = MJCircleLayer.m; sourceTree = "<group>"; };
		4266CDC6199CA97E0047CB96 /* MJPasswordView.h */ = {isa = PBXFileReference; fileEncoding = 4; lastKnownFileType = sourcecode.c.h; path = MJPasswordView.h; sourceTree = "<group>"; };
		4266CDC7199CA97E0047CB96 /* MJPasswordView.m */ = {isa = PBXFileReference; fileEncoding = 4; lastKnownFileType = sourcecode.c.objc; path = MJPasswordView.m; sourceTree = "<group>"; };
		4266CDC8199CA97E0047CB96 /* MJPathLayer.h */ = {isa = PBXFileReference; fileEncoding = 4; lastKnownFileType = sourcecode.c.h; path = MJPathLayer.h; sourceTree = "<group>"; };
		4266CDC9199CA97E0047CB96 /* MJPathLayer.m */ = {isa = PBXFileReference; fileEncoding = 4; lastKnownFileType = sourcecode.c.objc; path = MJPathLayer.m; sourceTree = "<group>"; };
		4297C240199CAA14004E3F64 /* MJPasswordPopView.h */ = {isa = PBXFileReference; fileEncoding = 4; lastKnownFileType = sourcecode.c.h; path = MJPasswordPopView.h; sourceTree = "<group>"; };
		4297C241199CAA14004E3F64 /* MJPasswordPopView.m */ = {isa = PBXFileReference; fileEncoding = 4; lastKnownFileType = sourcecode.c.objc; path = MJPasswordPopView.m; sourceTree = "<group>"; };
		4297C244199CAC93004E3F64 /* Stack.h */ = {isa = PBXFileReference; fileEncoding = 4; lastKnownFileType = sourcecode.c.h; path = Stack.h; sourceTree = "<group>"; };
		4297C245199CAC93004E3F64 /* Stack.m */ = {isa = PBXFileReference; fileEncoding = 4; lastKnownFileType = sourcecode.c.objc; path = Stack.m; sourceTree = "<group>"; };
		4297C246199CAC93004E3F64 /* XMLParser.h */ = {isa = PBXFileReference; fileEncoding = 4; lastKnownFileType = sourcecode.c.h; path = XMLParser.h; sourceTree = "<group>"; };
		4297C247199CAC93004E3F64 /* XMLParser.m */ = {isa = PBXFileReference; fileEncoding = 4; lastKnownFileType = sourcecode.c.objc; path = XMLParser.m; sourceTree = "<group>"; };
/* End PBXFileReference section */

/* Begin PBXFrameworksBuildPhase section */
		4266CD78199CA87F0047CB96 /* Frameworks */ = {
			isa = PBXFrameworksBuildPhase;
			buildActionMask = 2147483647;
			files = (
				4266CD81199CA87F0047CB96 /* CoreGraphics.framework in Frameworks */,
				4266CD83199CA87F0047CB96 /* UIKit.framework in Frameworks */,
				4266CD7F199CA87F0047CB96 /* Foundation.framework in Frameworks */,
			);
			runOnlyForDeploymentPostprocessing = 0;
		};
		4266CD93199CA87F0047CB96 /* Frameworks */ = {
			isa = PBXFrameworksBuildPhase;
			buildActionMask = 2147483647;
			files = (
				4266CD98199CA87F0047CB96 /* XCTest.framework in Frameworks */,
				4266CD9A199CA87F0047CB96 /* UIKit.framework in Frameworks */,
				4266CD99199CA87F0047CB96 /* Foundation.framework in Frameworks */,
			);
			runOnlyForDeploymentPostprocessing = 0;
		};
/* End PBXFrameworksBuildPhase section */

/* Begin PBXGroup section */
		4256ACA3199CADF3001A8D07 /* Xmls */ = {
			isa = PBXGroup;
			children = (
				4256ACA4199CAE15001A8D07 /* a.plist */,
				4256ACA6199CAE32001A8D07 /* b.xml */,
			);
			name = Xmls;
			path = Sources/Xmls;
			sourceTree = "<group>";
		};
		4256ACA8199CAE5E001A8D07 /* Xml解析 */ = {
			isa = PBXGroup;
			children = (
				4256ACA9199CAE91001A8D07 /* XmlParseController.h */,
				4256ACAA199CAE91001A8D07 /* XmlParseController.m */,
				4256ACAB199CAE91001A8D07 /* XmlParseController.xib */,
			);
			path = "Xml解析";
			sourceTree = "<group>";
		};
		4266CD72199CA87F0047CB96 = {
			isa = PBXGroup;
			children = (
				4266CD84199CA87F0047CB96 /* FSJPassword */,
				4266CD9D199CA87F0047CB96 /* FSJPasswordTests */,
				4266CD7D199CA87F0047CB96 /* Frameworks */,
				4266CD7C199CA87F0047CB96 /* Products */,
			);
			sourceTree = "<group>";
		};
		4266CD7C199CA87F0047CB96 /* Products */ = {
			isa = PBXGroup;
			children = (
				4266CD7B199CA87F0047CB96 /* FSJPassword.app */,
				4266CD96199CA87F0047CB96 /* FSJPasswordTests.xctest */,
			);
			name = Products;
			sourceTree = "<group>";
		};
		4266CD7D199CA87F0047CB96 /* Frameworks */ = {
			isa = PBXGroup;
			children = (
				4266CD7E199CA87F0047CB96 /* Foundation.framework */,
				4266CD80199CA87F0047CB96 /* CoreGraphics.framework */,
				4266CD82199CA87F0047CB96 /* UIKit.framework */,
				4266CD97199CA87F0047CB96 /* XCTest.framework */,
			);
			name = Frameworks;
			sourceTree = "<group>";
		};
		4266CD84199CA87F0047CB96 /* FSJPassword */ = {
			isa = PBXGroup;
			children = (
				4266CDC2199CA97E0047CB96 /* Libs */,
				4266CDAD199CA8EA0047CB96 /* Controllers */,
				4266CD8D199CA87F0047CB96 /* AppDelegate.h */,
				4266CD8E199CA87F0047CB96 /* AppDelegate.m */,
				4266CD90199CA87F0047CB96 /* Images.xcassets */,
				4266CD85199CA87F0047CB96 /* Supporting Files */,
			);
			path = FSJPassword;
			sourceTree = "<group>";
		};
		4266CD85199CA87F0047CB96 /* Supporting Files */ = {
			isa = PBXGroup;
			children = (
				4256ACA3199CADF3001A8D07 /* Xmls */,
				4266CD86199CA87F0047CB96 /* FSJPassword-Info.plist */,
				4266CD87199CA87F0047CB96 /* InfoPlist.strings */,
				4266CD8A199CA87F0047CB96 /* main.m */,
				4266CD8C199CA87F0047CB96 /* FSJPassword-Prefix.pch */,
			);
			name = "Supporting Files";
			sourceTree = "<group>";
		};
		4266CD9D199CA87F0047CB96 /* FSJPasswordTests */ = {
			isa = PBXGroup;
			children = (
				4266CDA3199CA87F0047CB96 /* FSJPasswordTests.m */,
				4266CD9E199CA87F0047CB96 /* Supporting Files */,
			);
			path = FSJPasswordTests;
			sourceTree = "<group>";
		};
		4266CD9E199CA87F0047CB96 /* Supporting Files */ = {
			isa = PBXGroup;
			children = (
				4266CD9F199CA87F0047CB96 /* FSJPasswordTests-Info.plist */,
				4266CDA0199CA87F0047CB96 /* InfoPlist.strings */,
			);
			name = "Supporting Files";
			sourceTree = "<group>";
		};
		4266CDAD199CA8EA0047CB96 /* Controllers */ = {
			isa = PBXGroup;
			children = (
				4256ACA8199CAE5E001A8D07 /* Xml解析 */,
				4297C240199CAA14004E3F64 /* MJPasswordPopView.h */,
				4297C241199CAA14004E3F64 /* MJPasswordPopView.m */,
				4266CDAE199CA8F80047CB96 /* MainViewController.h */,
				4266CDAF199CA8F80047CB96 /* MainViewController.m */,
				4266CDB0199CA8F80047CB96 /* MainViewController.xib */,
				4266CDB3199CA9150047CB96 /* BaseViewController.h */,
				4266CDB4199CA9150047CB96 /* BaseViewController.m */,
			);
			path = Controllers;
			sourceTree = "<group>";
		};
		4266CDC2199CA97E0047CB96 /* Libs */ = {
			isa = PBXGroup;
			children = (
				4297C243199CAC93004E3F64 /* XMLParser */,
				4266CDC3199CA97E0047CB96 /* MJPasswordview */,
			);
			path = Libs;
			sourceTree = "<group>";
		};
		4266CDC3199CA97E0047CB96 /* MJPasswordview */ = {
			isa = PBXGroup;
			children = (
				4266CDC4199CA97E0047CB96 /* MJCircleLayer.h */,
				4266CDC5199CA97E0047CB96 /* MJCircleLayer.m */,
				4266CDC6199CA97E0047CB96 /* MJPasswordView.h */,
				4266CDC7199CA97E0047CB96 /* MJPasswordView.m */,
				4266CDC8199CA97E0047CB96 /* MJPathLayer.h */,
				4266CDC9199CA97E0047CB96 /* MJPathLayer.m */,
			);
			path = MJPasswordview;
			sourceTree = "<group>";
		};
		4297C243199CAC93004E3F64 /* XMLParser */ = {
			isa = PBXGroup;
			children = (
				4297C244199CAC93004E3F64 /* Stack.h */,
				4297C245199CAC93004E3F64 /* Stack.m */,
				4297C246199CAC93004E3F64 /* XMLParser.h */,
				4297C247199CAC93004E3F64 /* XMLParser.m */,
			);
			path = XMLParser;
			sourceTree = "<group>";
		};
/* End PBXGroup section */

/* Begin PBXNativeTarget section */
		4266CD7A199CA87F0047CB96 /* FSJPassword */ = {
			isa = PBXNativeTarget;
			buildConfigurationList = 4266CDA7199CA87F0047CB96 /* Build configuration list for PBXNativeTarget "FSJPassword" */;
			buildPhases = (
				4266CD77199CA87F0047CB96 /* Sources */,
				4266CD78199CA87F0047CB96 /* Frameworks */,
				4266CD79199CA87F0047CB96 /* Resources */,
			);
			buildRules = (
			);
			dependencies = (
			);
			name = FSJPassword;
			productName = FSJPassword;
			productReference = 4266CD7B199CA87F0047CB96 /* FSJPassword.app */;
			productType = "com.apple.product-type.application";
		};
		4266CD95199CA87F0047CB96 /* FSJPasswordTests */ = {
			isa = PBXNativeTarget;
			buildConfigurationList = 4266CDAA199CA87F0047CB96 /* Build configuration list for PBXNativeTarget "FSJPasswordTests" */;
			buildPhases = (
				4266CD92199CA87F0047CB96 /* Sources */,
				4266CD93199CA87F0047CB96 /* Frameworks */,
				4266CD94199CA87F0047CB96 /* Resources */,
			);
			buildRules = (
			);
			dependencies = (
				4266CD9C199CA87F0047CB96 /* PBXTargetDependency */,
			);
			name = FSJPasswordTests;
			productName = FSJPasswordTests;
			productReference = 4266CD96199CA87F0047CB96 /* FSJPasswordTests.xctest */;
			productType = "com.apple.product-type.bundle.unit-test";
		};
/* End PBXNativeTarget section */

/* Begin PBXProject section */
		4266CD73199CA87F0047CB96 /* Project object */ = {
			isa = PBXProject;
			attributes = {
				LastUpgradeCheck = 0510;
				ORGANIZATIONNAME = yto_yewankun;
				TargetAttributes = {
					4266CD95199CA87F0047CB96 = {
						TestTargetID = 4266CD7A199CA87F0047CB96;
					};
				};
			};
			buildConfigurationList = 4266CD76199CA87F0047CB96 /* Build configuration list for PBXProject "FSJPassword" */;
			compatibilityVersion = "Xcode 3.2";
			developmentRegion = English;
			hasScannedForEncodings = 0;
			knownRegions = (
				en,
			);
			mainGroup = 4266CD72199CA87F0047CB96;
			productRefGroup = 4266CD7C199CA87F0047CB96 /* Products */;
			projectDirPath = "";
			projectRoot = "";
			targets = (
				4266CD7A199CA87F0047CB96 /* FSJPassword */,
				4266CD95199CA87F0047CB96 /* FSJPasswordTests */,
			);
		};
/* End PBXProject section */

/* Begin PBXResourcesBuildPhase section */
		4266CD79199CA87F0047CB96 /* Resources */ = {
			isa = PBXResourcesBuildPhase;
			buildActionMask = 2147483647;
			files = (
				4266CD89199CA87F0047CB96 /* InfoPlist.strings in Resources */,
				4256ACA7199CAE32001A8D07 /* b.xml in Resources */,
				4266CDB2199CA8F80047CB96 /* MainViewController.xib in Resources */,
				4256ACA5199CAE15001A8D07 /* a.plist in Resources */,
				4266CD91199CA87F0047CB96 /* Images.xcassets in Resources */,
				4256ACAD199CAE91001A8D07 /* XmlParseController.xib in Resources */,
			);
			runOnlyForDeploymentPostprocessing = 0;
		};
		4266CD94199CA87F0047CB96 /* Resources */ = {
			isa = PBXResourcesBuildPhase;
			buildActionMask = 2147483647;
			files = (
				4266CDA2199CA87F0047CB96 /* InfoPlist.strings in Resources */,
			);
			runOnlyForDeploymentPostprocessing = 0;
		};
/* End PBXResourcesBuildPhase section */

/* Begin PBXSourcesBuildPhase section */
		4266CD77199CA87F0047CB96 /* Sources */ = {
			isa = PBXSourcesBuildPhase;
			buildActionMask = 2147483647;
			files = (
				4297C248199CAC93004E3F64 /* Stack.m in Sources */,
				4266CDCA199CA97E0047CB96 /* MJCircleLayer.m in Sources */,
				4266CD8F199CA87F0047CB96 /* AppDelegate.m in Sources */,
				4297C242199CAA14004E3F64 /* MJPasswordPopView.m in Sources */,
				4297C249199CAC93004E3F64 /* XMLParser.m in Sources */,
				4266CDB5199CA9150047CB96 /* BaseViewController.m in Sources */,
				4266CDB1199CA8F80047CB96 /* MainViewController.m in Sources */,
				4266CDCB199CA97E0047CB96 /* MJPasswordView.m in Sources */,
				4256ACAC199CAE91001A8D07 /* XmlParseController.m in Sources */,
				4266CD8B199CA87F0047CB96 /* main.m in Sources */,
				4266CDCC199CA97E0047CB96 /* MJPathLayer.m in Sources */,
			);
			runOnlyForDeploymentPostprocessing = 0;
		};
		4266CD92199CA87F0047CB96 /* Sources */ = {
			isa = PBXSourcesBuildPhase;
			buildActionMask = 2147483647;
			files = (
				4266CDA4199CA87F0047CB96 /* FSJPasswordTests.m in Sources */,
			);
			runOnlyForDeploymentPostprocessing = 0;
		};
/* End PBXSourcesBuildPhase section */

/* Begin PBXTargetDependency section */
		4266CD9C199CA87F0047CB96 /* PBXTargetDependency */ = {
			isa = PBXTargetDependency;
			target = 4266CD7A199CA87F0047CB96 /* FSJPassword */;
			targetProxy = 4266CD9B199CA87F0047CB96 /* PBXContainerItemProxy */;
		};
/* End PBXTargetDependency section */

/* Begin PBXVariantGroup section */
		4266CD87199CA87F0047CB96 /* InfoPlist.strings */ = {
			isa = PBXVariantGroup;
			children = (
				4266CD88199CA87F0047CB96 /* en */,
			);
			name = InfoPlist.strings;
			sourceTree = "<group>";
		};
		4266CDA0199CA87F0047CB96 /* InfoPlist.strings */ = {
			isa = PBXVariantGroup;
			children = (
				4266CDA1199CA87F0047CB96 /* en */,
			);
			name = InfoPlist.strings;
			sourceTree = "<group>";
		};
/* End PBXVariantGroup section */

/* Begin XCBuildConfiguration section */
		4266CDA5199CA87F0047CB96 /* Debug */ = {
			isa = XCBuildConfiguration;
			buildSettings = {
				ALWAYS_SEARCH_USER_PATHS = NO;
				CLANG_CXX_LANGUAGE_STANDARD = "gnu++0x";
				CLANG_CXX_LIBRARY = "libc++";
				CLANG_ENABLE_MODULES = YES;
				CLANG_ENABLE_OBJC_ARC = YES;
				CLANG_WARN_BOOL_CONVERSION = YES;
				CLANG_WARN_CONSTANT_CONVERSION = YES;
				CLANG_WARN_DIRECT_OBJC_ISA_USAGE = YES_ERROR;
				CLANG_WARN_EMPTY_BODY = YES;
				CLANG_WARN_ENUM_CONVERSION = YES;
				CLANG_WARN_INT_CONVERSION = YES;
				CLANG_WARN_OBJC_ROOT_CLASS = YES_ERROR;
				CLANG_WARN__DUPLICATE_METHOD_MATCH = YES;
				"CODE_SIGN_IDENTITY[sdk=iphoneos*]" = "iPhone Developer";
				COPY_PHASE_STRIP = NO;
				GCC_C_LANGUAGE_STANDARD = gnu99;
				GCC_DYNAMIC_NO_PIC = NO;
				GCC_OPTIMIZATION_LEVEL = 0;
				GCC_PREPROCESSOR_DEFINITIONS = (
					"DEBUG=1",
					"$(inherited)",
				);
				GCC_SYMBOLS_PRIVATE_EXTERN = NO;
				GCC_WARN_64_TO_32_BIT_CONVERSION = YES;
				GCC_WARN_ABOUT_RETURN_TYPE = YES_ERROR;
				GCC_WARN_UNDECLARED_SELECTOR = YES;
				GCC_WARN_UNINITIALIZED_AUTOS = YES_AGGRESSIVE;
				GCC_WARN_UNUSED_FUNCTION = YES;
				GCC_WARN_UNUSED_VARIABLE = YES;
				IPHONEOS_DEPLOYMENT_TARGET = 7.1;
				ONLY_ACTIVE_ARCH = YES;
				SDKROOT = iphoneos;
			};
			name = Debug;
		};
		4266CDA6199CA87F0047CB96 /* Release */ = {
			isa = XCBuildConfiguration;
			buildSettings = {
				ALWAYS_SEARCH_USER_PATHS = NO;
				CLANG_CXX_LANGUAGE_STANDARD = "gnu++0x";
				CLANG_CXX_LIBRARY = "libc++";
				CLANG_ENABLE_MODULES = YES;
				CLANG_ENABLE_OBJC_ARC = YES;
				CLANG_WARN_BOOL_CONVERSION = YES;
				CLANG_WARN_CONSTANT_CONVERSION = YES;
				CLANG_WARN_DIRECT_OBJC_ISA_USAGE = YES_ERROR;
				CLANG_WARN_EMPTY_BODY = YES;
				CLANG_WARN_ENUM_CONVERSION = YES;
				CLANG_WARN_INT_CONVERSION = YES;
				CLANG_WARN_OBJC_ROOT_CLASS = YES_ERROR;
				CLANG_WARN__DUPLICATE_METHOD_MATCH = YES;
				"CODE_SIGN_IDENTITY[sdk=iphoneos*]" = "iPhone Developer";
				COPY_PHASE_STRIP = YES;
				ENABLE_NS_ASSERTIONS = NO;
				GCC_C_LANGUAGE_STANDARD = gnu99;
				GCC_WARN_64_TO_32_BIT_CONVERSION = YES;
				GCC_WARN_ABOUT_RETURN_TYPE = YES_ERROR;
				GCC_WARN_UNDECLARED_SELECTOR = YES;
				GCC_WARN_UNINITIALIZED_AUTOS = YES_AGGRESSIVE;
				GCC_WARN_UNUSED_FUNCTION = YES;
				GCC_WARN_UNUSED_VARIABLE = YES;
				IPHONEOS_DEPLOYMENT_TARGET = 7.1;
				SDKROOT = iphoneos;
				VALIDATE_PRODUCT = YES;
			};
			name = Release;
		};
		4266CDA8199CA87F0047CB96 /* Debug */ = {
			isa = XCBuildConfiguration;
			buildSettings = {
				ASSETCATALOG_COMPILER_APPICON_NAME = AppIcon;
				ASSETCATALOG_COMPILER_LAUNCHIMAGE_NAME = LaunchImage;
				GCC_PRECOMPILE_PREFIX_HEADER = YES;
				GCC_PREFIX_HEADER = "FSJPassword/FSJPassword-Prefix.pch";
				INFOPLIST_FILE = "FSJPassword/FSJPassword-Info.plist";
				PRODUCT_NAME = "$(TARGET_NAME)";
				WRAPPER_EXTENSION = app;
			};
			name = Debug;
		};
		4266CDA9199CA87F0047CB96 /* Release */ = {
			isa = XCBuildConfiguration;
			buildSettings = {
				ASSETCATALOG_COMPILER_APPICON_NAME = AppIcon;
				ASSETCATALOG_COMPILER_LAUNCHIMAGE_NAME = LaunchImage;
				GCC_PRECOMPILE_PREFIX_HEADER = YES;
				GCC_PREFIX_HEADER = "FSJPassword/FSJPassword-Prefix.pch";
				INFOPLIST_FILE = "FSJPassword/FSJPassword-Info.plist";
				PRODUCT_NAME = "$(TARGET_NAME)";
				WRAPPER_EXTENSION = app;
			};
			name = Release;
		};
		4266CDAB199CA87F0047CB96 /* Debug */ = {
			isa = XCBuildConfiguration;
			buildSettings = {
				BUNDLE_LOADER = "$(BUILT_PRODUCTS_DIR)/FSJPassword.app/FSJPassword";
				FRAMEWORK_SEARCH_PATHS = (
					"$(SDKROOT)/Developer/Library/Frameworks",
					"$(inherited)",
					"$(DEVELOPER_FRAMEWORKS_DIR)",
				);
				GCC_PRECOMPILE_PREFIX_HEADER = YES;
				GCC_PREFIX_HEADER = "FSJPassword/FSJPassword-Prefix.pch";
				GCC_PREPROCESSOR_DEFINITIONS = (
					"DEBUG=1",
					"$(inherited)",
				);
				INFOPLIST_FILE = "FSJPasswordTests/FSJPasswordTests-Info.plist";
				PRODUCT_NAME = "$(TARGET_NAME)";
				TEST_HOST = "$(BUNDLE_LOADER)";
				WRAPPER_EXTENSION = xctest;
			};
			name = Debug;
		};
		4266CDAC199CA87F0047CB96 /* Release */ = {
			isa = XCBuildConfiguration;
			buildSettings = {
				BUNDLE_LOADER = "$(BUILT_PRODUCTS_DIR)/FSJPassword.app/FSJPassword";
				FRAMEWORK_SEARCH_PATHS = (
					"$(SDKROOT)/Developer/Library/Frameworks",
					"$(inherited)",
					"$(DEVELOPER_FRAMEWORKS_DIR)",
				);
				GCC_PRECOMPILE_PREFIX_HEADER = YES;
				GCC_PREFIX_HEADER = "FSJPassword/FSJPassword-Prefix.pch";
				INFOPLIST_FILE = "FSJPasswordTests/FSJPasswordTests-Info.plist";
				PRODUCT_NAME = "$(TARGET_NAME)";
				TEST_HOST = "$(BUNDLE_LOADER)";
				WRAPPER_EXTENSION = xctest;
			};
			name = Release;
		};
/* End XCBuildConfiguration section */

/* Begin XCConfigurationList section */
		4266CD76199CA87F0047CB96 /* Build configuration list for PBXProject "FSJPassword" */ = {
			isa = XCConfigurationList;
			buildConfigurations = (
				4266CDA5199CA87F0047CB96 /* Debug */,
				4266CDA6199CA87F0047CB96 /* Release */,
			);
			defaultConfigurationIsVisible = 0;
			defaultConfigurationName = Release;
		};
		4266CDA7199CA87F0047CB96 /* Build configuration list for PBXNativeTarget "FSJPassword" */ = {
			isa = XCConfigurationList;
			buildConfigurations = (
				4266CDA8199CA87F0047CB96 /* Debug */,
				4266CDA9199CA87F0047CB96 /* Release */,
			);
			defaultConfigurationIsVisible = 0;
			defaultConfigurationName = Release;
		};
		4266CDAA199CA87F0047CB96 /* Build configuration list for PBXNativeTarget "FSJPasswordTests" */ = {
			isa = XCConfigurationList;
			buildConfigurations = (
				4266CDAB199CA87F0047CB96 /* Debug */,
				4266CDAC199CA87F0047CB96 /* Release */,
			);
			defaultConfigurationIsVisible = 0;
			defaultConfigurationName = Release;
		};
/* End XCConfigurationList section */
	};
	rootObject = 4266CD73199CA87F0047CB96 /* Project object */;
}
